// !$*UTF8*$!
{
	archiveVersion = 1;
	classes = {
	};
	objectVersion = 48;
	objects = {

/* Begin PBXBuildFile section */
		0D5C1A4E1FFF8C16004E7DE2 /* AppDelegate.swift in Sources */ = {isa = PBXBuildFile; fileRef = 0D5C1A4D1FFF8C16004E7DE2 /* AppDelegate.swift */; };
		0D5C1A501FFF8C16004E7DE2 /* ViewController.swift in Sources */ = {isa = PBXBuildFile; fileRef = 0D5C1A4F1FFF8C16004E7DE2 /* ViewController.swift */; };
		0D5C1A531FFF8C16004E7DE2 /* Main.storyboard in Resources */ = {isa = PBXBuildFile; fileRef = 0D5C1A511FFF8C16004E7DE2 /* Main.storyboard */; };
		0D5C1A551FFF8C16004E7DE2 /* Assets.xcassets in Resources */ = {isa = PBXBuildFile; fileRef = 0D5C1A541FFF8C16004E7DE2 /* Assets.xcassets */; };
		0D5C1A581FFF8C16004E7DE2 /* LaunchScreen.storyboard in Resources */ = {isa = PBXBuildFile; fileRef = 0D5C1A561FFF8C16004E7DE2 /* LaunchScreen.storyboard */; };
		0D5C1A631FFF8C16004E7DE2 /* Day_5___GetMyLocationTests.swift in Sources */ = {isa = PBXBuildFile; fileRef = 0D5C1A621FFF8C16004E7DE2 /* Day_5___GetMyLocationTests.swift */; };
		0D5C1A6E1FFF8C16004E7DE2 /* Day_5___GetMyLocationUITests.swift in Sources */ = {isa = PBXBuildFile; fileRef = 0D5C1A6D1FFF8C16004E7DE2 /* Day_5___GetMyLocationUITests.swift */; };
		0DF6B28720009BD50019E548 /* MapKit.framework in Frameworks */ = {isa = PBXBuildFile; fileRef = 0DF6B28620009BCA0019E548 /* MapKit.framework */; };
		0DF6B28920009F7B0019E548 /* ViewControllerMapkit.swift in Sources */ = {isa = PBXBuildFile; fileRef = 0DF6B28820009F7B0019E548 /* ViewControllerMapkit.swift */; };
/* End PBXBuildFile section */

/* Begin PBXContainerItemProxy section */
		0D5C1A5F1FFF8C16004E7DE2 /* PBXContainerItemProxy */ = {
			isa = PBXContainerItemProxy;
			containerPortal = 0D5C1A421FFF8C16004E7DE2 /* Project object */;
			proxyType = 1;
			remoteGlobalIDString = 0D5C1A491FFF8C16004E7DE2;
			remoteInfo = "Day 5 - GetMyLocation";
		};
		0D5C1A6A1FFF8C16004E7DE2 /* PBXContainerItemProxy */ = {
			isa = PBXContainerItemProxy;
			containerPortal = 0D5C1A421FFF8C16004E7DE2 /* Project object */;
			proxyType = 1;
			remoteGlobalIDString = 0D5C1A491FFF8C16004E7DE2;
			remoteInfo = "Day 5 - GetMyLocation";
		};
/* End PBXContainerItemProxy section */

/* Begin PBXFileReference section */
		0D5C1A4A1FFF8C16004E7DE2 /* Day 5 - GetMyLocation.app */ = {isa = PBXFileReference; explicitFileType = wrapper.application; includeInIndex = 0; path = "Day 5 - GetMyLocation.app"; sourceTree = BUILT_PRODUCTS_DIR; };
		0D5C1A4D1FFF8C16004E7DE2 /* AppDelegate.swift */ = {isa = PBXFileReference; lastKnownFileType = sourcecode.swift; path = AppDelegate.swift; sourceTree = "<group>"; };
		0D5C1A4F1FFF8C16004E7DE2 /* ViewController.swift */ = {isa = PBXFileReference; lastKnownFileType = sourcecode.swift; path = ViewController.swift; sourceTree = "<group>"; };
		0D5C1A521FFF8C16004E7DE2 /* Base */ = {isa = PBXFileReference; lastKnownFileType = file.storyboard; name = Base; path = Base.lproj/Main.storyboard; sourceTree = "<group>"; };
		0D5C1A541FFF8C16004E7DE2 /* Assets.xcassets */ = {isa = PBXFileReference; lastKnownFileType = folder.assetcatalog; path = Assets.xcassets; sourceTree = "<group>"; };
		0D5C1A571FFF8C16004E7DE2 /* Base */ = {isa = PBXFileReference; lastKnownFileType = file.storyboard; name = Base; path = Base.lproj/LaunchScreen.storyboard; sourceTree = "<group>"; };
		0D5C1A591FFF8C16004E7DE2 /* Info.plist */ = {isa = PBXFileReference; lastKnownFileType = text.plist.xml; path = Info.plist; sourceTree = "<group>"; };
		0D5C1A5E1FFF8C16004E7DE2 /* Day 5 - GetMyLocationTests.xctest */ = {isa = PBXFileReference; explicitFileType = wrapper.cfbundle; includeInIndex = 0; path = "Day 5 - GetMyLocationTests.xctest"; sourceTree = BUILT_PRODUCTS_DIR; };
		0D5C1A621FFF8C16004E7DE2 /* Day_5___GetMyLocationTests.swift */ = {isa = PBXFileReference; lastKnownFileType = sourcecode.swift; path = "Day_5___GetMyLocationTests.swift"; sourceTree = "<group>"; };
		0D5C1A641FFF8C16004E7DE2 /* Info.plist */ = {isa = PBXFileReference; lastKnownFileType = text.plist.xml; path = Info.plist; sourceTree = "<group>"; };
		0D5C1A691FFF8C16004E7DE2 /* Day 5 - GetMyLocationUITests.xctest */ = {isa = PBXFileReference; explicitFileType = wrapper.cfbundle; includeInIndex = 0; path = "Day 5 - GetMyLocationUITests.xctest"; sourceTree = BUILT_PRODUCTS_DIR; };
		0D5C1A6D1FFF8C16004E7DE2 /* Day_5___GetMyLocationUITests.swift */ = {isa = PBXFileReference; lastKnownFileType = sourcecode.swift; path = "Day_5___GetMyLocationUITests.swift"; sourceTree = "<group>"; };
		0D5C1A6F1FFF8C16004E7DE2 /* Info.plist */ = {isa = PBXFileReference; lastKnownFileType = text.plist.xml; path = Info.plist; sourceTree = "<group>"; };
		0D5C1A7C1FFF8E97004E7DE2 /* CoreLocation.framework */ = {isa = PBXFileReference; lastKnownFileType = wrapper.framework; name = CoreLocation.framework; path = System/Library/Frameworks/CoreLocation.framework; sourceTree = SDKROOT; };
		0DF6B28620009BCA0019E548 /* MapKit.framework */ = {isa = PBXFileReference; lastKnownFileType = wrapper.framework; name = MapKit.framework; path = System/Library/Frameworks/MapKit.framework; sourceTree = SDKROOT; };
		0DF6B28820009F7B0019E548 /* ViewControllerMapkit.swift */ = {isa = PBXFileReference; lastKnownFileType = sourcecode.swift; path = ViewControllerMapkit.swift; sourceTree = "<group>"; };
/* End PBXFileReference section */

/* Begin PBXFrameworksBuildPhase section */
		0D5C1A471FFF8C16004E7DE2 /* Frameworks */ = {
			isa = PBXFrameworksBuildPhase;
			buildActionMask = 2147483647;
			files = (
				0DF6B28720009BD50019E548 /* MapKit.framework in Frameworks */,
			);
			runOnlyForDeploymentPostprocessing = 0;
		};
		0D5C1A5B1FFF8C16004E7DE2 /* Frameworks */ = {
			isa = PBXFrameworksBuildPhase;
			buildActionMask = 2147483647;
			files = (
			);
			runOnlyForDeploymentPostprocessing = 0;
		};
		0D5C1A661FFF8C16004E7DE2 /* Frameworks */ = {
			isa = PBXFrameworksBuildPhase;
			buildActionMask = 2147483647;
			files = (
			);
			runOnlyForDeploymentPostprocessing = 0;
		};
/* End PBXFrameworksBuildPhase section */

/* Begin PBXGroup section */
		0D5C1A411FFF8C16004E7DE2 = {
			isa = PBXGroup;
			children = (
				0D5C1A4C1FFF8C16004E7DE2 /* Day 5 - GetMyLocation */,
				0D5C1A611FFF8C16004E7DE2 /* Day 5 - GetMyLocationTests */,
				0D5C1A6C1FFF8C16004E7DE2 /* Day 5 - GetMyLocationUITests */,
				0D5C1A4B1FFF8C16004E7DE2 /* Products */,
				0D5C1A7B1FFF8E97004E7DE2 /* Frameworks */,
			);
			sourceTree = "<group>";
		};
		0D5C1A4B1FFF8C16004E7DE2 /* Products */ = {
			isa = PBXGroup;
			children = (
				0D5C1A4A1FFF8C16004E7DE2 /* Day 5 - GetMyLocation.app */,
				0D5C1A5E1FFF8C16004E7DE2 /* Day 5 - GetMyLocationTests.xctest */,
				0D5C1A691FFF8C16004E7DE2 /* Day 5 - GetMyLocationUITests.xctest */,
			);
			name = Products;
			sourceTree = "<group>";
		};
		0D5C1A4C1FFF8C16004E7DE2 /* Day 5 - GetMyLocation */ = {
			isa = PBXGroup;
			children = (
				0D5C1A4D1FFF8C16004E7DE2 /* AppDelegate.swift */,
				0D5C1A4F1FFF8C16004E7DE2 /* ViewController.swift */,
				0DF6B28820009F7B0019E548 /* ViewControllerMapkit.swift */,
				0D5C1A511FFF8C16004E7DE2 /* Main.storyboard */,
				0D5C1A541FFF8C16004E7DE2 /* Assets.xcassets */,
				0D5C1A561FFF8C16004E7DE2 /* LaunchScreen.storyboard */,
				0D5C1A591FFF8C16004E7DE2 /* Info.plist */,
			);
			path = "Day 5 - GetMyLocation";
			sourceTree = "<group>";
		};
		0D5C1A611FFF8C16004E7DE2 /* Day 5 - GetMyLocationTests */ = {
			isa = PBXGroup;
			children = (
				0D5C1A621FFF8C16004E7DE2 /* Day_5___GetMyLocationTests.swift */,
				0D5C1A641FFF8C16004E7DE2 /* Info.plist */,
			);
			path = "Day 5 - GetMyLocationTests";
			sourceTree = "<group>";
		};
		0D5C1A6C1FFF8C16004E7DE2 /* Day 5 - GetMyLocationUITests */ = {
			isa = PBXGroup;
			children = (
				0D5C1A6D1FFF8C16004E7DE2 /* Day_5___GetMyLocationUITests.swift */,
				0D5C1A6F1FFF8C16004E7DE2 /* Info.plist */,
			);
			path = "Day 5 - GetMyLocationUITests";
			sourceTree = "<group>";
		};
		0D5C1A7B1FFF8E97004E7DE2 /* Frameworks */ = {
			isa = PBXGroup;
			children = (
				0DF6B28620009BCA0019E548 /* MapKit.framework */,
				0D5C1A7C1FFF8E97004E7DE2 /* CoreLocation.framework */,
			);
			name = Frameworks;
			sourceTree = "<group>";
		};
/* End PBXGroup section */

/* Begin PBXNativeTarget section */
		0D5C1A491FFF8C16004E7DE2 /* Day 5 - GetMyLocation */ = {
			isa = PBXNativeTarget;
			buildConfigurationList = 0D5C1A721FFF8C16004E7DE2 /* Build configuration list for PBXNativeTarget "Day 5 - GetMyLocation" */;
			buildPhases = (
				0D5C1A461FFF8C16004E7DE2 /* Sources */,
				0D5C1A471FFF8C16004E7DE2 /* Frameworks */,
				0D5C1A481FFF8C16004E7DE2 /* Resources */,
			);
			buildRules = (
			);
			dependencies = (
			);
			name = "Day 5 - GetMyLocation";
			productName = "Day 5 - GetMyLocation";
			productReference = 0D5C1A4A1FFF8C16004E7DE2 /* Day 5 - GetMyLocation.app */;
			productType = "com.apple.product-type.application";
		};
		0D5C1A5D1FFF8C16004E7DE2 /* Day 5 - GetMyLocationTests */ = {
			isa = PBXNativeTarget;
			buildConfigurationList = 0D5C1A751FFF8C16004E7DE2 /* Build configuration list for PBXNativeTarget "Day 5 - GetMyLocationTests" */;
			buildPhases = (
				0D5C1A5A1FFF8C16004E7DE2 /* Sources */,
				0D5C1A5B1FFF8C16004E7DE2 /* Frameworks */,
				0D5C1A5C1FFF8C16004E7DE2 /* Resources */,
			);
			buildRules = (
			);
			dependencies = (
				0D5C1A601FFF8C16004E7DE2 /* PBXTargetDependency */,
			);
			name = "Day 5 - GetMyLocationTests";
			productName = "Day 5 - GetMyLocationTests";
			productReference = 0D5C1A5E1FFF8C16004E7DE2 /* Day 5 - GetMyLocationTests.xctest */;
			productType = "com.apple.product-type.bundle.unit-test";
		};
		0D5C1A681FFF8C16004E7DE2 /* Day 5 - GetMyLocationUITests */ = {
			isa = PBXNativeTarget;
			buildConfigurationList = 0D5C1A781FFF8C16004E7DE2 /* Build configuration list for PBXNativeTarget "Day 5 - GetMyLocationUITests" */;
			buildPhases = (
				0D5C1A651FFF8C16004E7DE2 /* Sources */,
				0D5C1A661FFF8C16004E7DE2 /* Frameworks */,
				0D5C1A671FFF8C16004E7DE2 /* Resources */,
			);
			buildRules = (
			);
			dependencies = (
				0D5C1A6B1FFF8C16004E7DE2 /* PBXTargetDependency */,
			);
			name = "Day 5 - GetMyLocationUITests";
			productName = "Day 5 - GetMyLocationUITests";
			productReference = 0D5C1A691FFF8C16004E7DE2 /* Day 5 - GetMyLocationUITests.xctest */;
			productType = "com.apple.product-type.bundle.ui-testing";
		};
/* End PBXNativeTarget section */

/* Begin PBXProject section */
		0D5C1A421FFF8C16004E7DE2 /* Project object */ = {
			isa = PBXProject;
			attributes = {
				LastSwiftUpdateCheck = 0910;
				LastUpgradeCheck = 0910;
				ORGANIZATIONNAME = "Prashant Gaikwad";
				TargetAttributes = {
					0D5C1A491FFF8C16004E7DE2 = {
						CreatedOnToolsVersion = 9.1;
						ProvisioningStyle = Automatic;
					};
					0D5C1A5D1FFF8C16004E7DE2 = {
						CreatedOnToolsVersion = 9.1;
						ProvisioningStyle = Automatic;
						TestTargetID = 0D5C1A491FFF8C16004E7DE2;
					};
					0D5C1A681FFF8C16004E7DE2 = {
						CreatedOnToolsVersion = 9.1;
						ProvisioningStyle = Automatic;
						TestTargetID = 0D5C1A491FFF8C16004E7DE2;
					};
				};
			};
			buildConfigurationList = 0D5C1A451FFF8C16004E7DE2 /* Build configuration list for PBXProject "Day 5 - GetMyLocation" */;
			compatibilityVersion = "Xcode 8.0";
			developmentRegion = en;
			hasScannedForEncodings = 0;
			knownRegions = (
				en,
				Base,
			);
			mainGroup = 0D5C1A411FFF8C16004E7DE2;
			productRefGroup = 0D5C1A4B1FFF8C16004E7DE2 /* Products */;
			projectDirPath = "";
			projectRoot = "";
			targets = (
				0D5C1A491FFF8C16004E7DE2 /* Day 5 - GetMyLocation */,
				0D5C1A5D1FFF8C16004E7DE2 /* Day 5 - GetMyLocationTests */,
				0D5C1A681FFF8C16004E7DE2 /* Day 5 - GetMyLocationUITests */,
			);
		};
/* End PBXProject section */

/* Begin PBXResourcesBuildPhase section */
		0D5C1A481FFF8C16004E7DE2 /* Resources */ = {
			isa = PBXResourcesBuildPhase;
			buildActionMask = 2147483647;
			files = (
				0D5C1A581FFF8C16004E7DE2 /* LaunchScreen.storyboard in Resources */,
				0D5C1A551FFF8C16004E7DE2 /* Assets.xcassets in Resources */,
				0D5C1A531FFF8C16004E7DE2 /* Main.storyboard in Resources */,
			);
			runOnlyForDeploymentPostprocessing = 0;
		};
		0D5C1A5C1FFF8C16004E7DE2 /* Resources */ = {
			isa = PBXResourcesBuildPhase;
			buildActionMask = 2147483647;
			files = (
			);
			runOnlyForDeploymentPostprocessing = 0;
		};
		0D5C1A671FFF8C16004E7DE2 /* Resources */ = {
			isa = PBXResourcesBuildPhase;
			buildActionMask = 2147483647;
			files = (
			);
			runOnlyForDeploymentPostprocessing = 0;
		};
/* End PBXResourcesBuildPhase section */

/* Begin PBXSourcesBuildPhase section */
		0D5C1A461FFF8C16004E7DE2 /* Sources */ = {
			isa = PBXSourcesBuildPhase;
			buildActionMask = 2147483647;
			files = (
				0DF6B28920009F7B0019E548 /* ViewControllerMapkit.swift in Sources */,
				0D5C1A501FFF8C16004E7DE2 /* ViewController.swift in Sources */,
				0D5C1A4E1FFF8C16004E7DE2 /* AppDelegate.swift in Sources */,
			);
			runOnlyForDeploymentPostprocessing = 0;
		};
		0D5C1A5A1FFF8C16004E7DE2 /* Sources */ = {
			isa = PBXSourcesBuildPhase;
			buildActionMask = 2147483647;
			files = (
				0D5C1A631FFF8C16004E7DE2 /* Day_5___GetMyLocationTests.swift in Sources */,
			);
			runOnlyForDeploymentPostprocessing = 0;
		};
		0D5C1A651FFF8C16004E7DE2 /* Sources */ = {
			isa = PBXSourcesBuildPhase;
			buildActionMask = 2147483647;
			files = (
				0D5C1A6E1FFF8C16004E7DE2 /* Day_5___GetMyLocationUITests.swift in Sources */,
			);
			runOnlyForDeploymentPostprocessing = 0;
		};
/* End PBXSourcesBuildPhase section */

/* Begin PBXTargetDependency section */
		0D5C1A601FFF8C16004E7DE2 /* PBXTargetDependency */ = {
			isa = PBXTargetDependency;
			target = 0D5C1A491FFF8C16004E7DE2 /* Day 5 - GetMyLocation */;
			targetProxy = 0D5C1A5F1FFF8C16004E7DE2 /* PBXContainerItemProxy */;
		};
		0D5C1A6B1FFF8C16004E7DE2 /* PBXTargetDependency */ = {
			isa = PBXTargetDependency;
			target = 0D5C1A491FFF8C16004E7DE2 /* Day 5 - GetMyLocation */;
			targetProxy = 0D5C1A6A1FFF8C16004E7DE2 /* PBXContainerItemProxy */;
		};
/* End PBXTargetDependency section */

/* Begin PBXVariantGroup section */
		0D5C1A511FFF8C16004E7DE2 /* Main.storyboard */ = {
			isa = PBXVariantGroup;
			children = (
				0D5C1A521FFF8C16004E7DE2 /* Base */,
			);
			name = Main.storyboard;
			sourceTree = "<group>";
		};
		0D5C1A561FFF8C16004E7DE2 /* LaunchScreen.storyboard */ = {
			isa = PBXVariantGroup;
			children = (
				0D5C1A571FFF8C16004E7DE2 /* Base */,
			);
			name = LaunchScreen.storyboard;
			sourceTree = "<group>";
		};
/* End PBXVariantGroup section */

/* Begin XCBuildConfiguration section */
		0D5C1A701FFF8C16004E7DE2 /* Debug */ = {
			isa = XCBuildConfiguration;
			buildSettings = {
				ALWAYS_SEARCH_USER_PATHS = NO;
				CLANG_ANALYZER_NONNULL = YES;
				CLANG_ANALYZER_NUMBER_OBJECT_CONVERSION = YES_AGGRESSIVE;
				CLANG_CXX_LANGUAGE_STANDARD = "gnu++14";
				CLANG_CXX_LIBRARY = "libc++";
				CLANG_ENABLE_MODULES = YES;
				CLANG_ENABLE_OBJC_ARC = YES;
				CLANG_WARN_BLOCK_CAPTURE_AUTORELEASING = YES;
				CLANG_WARN_BOOL_CONVERSION = YES;
				CLANG_WARN_COMMA = YES;
				CLANG_WARN_CONSTANT_CONVERSION = YES;
				CLANG_WARN_DIRECT_OBJC_ISA_USAGE = YES_ERROR;
				CLANG_WARN_DOCUMENTATION_COMMENTS = YES;
				CLANG_WARN_EMPTY_BODY = YES;
				CLANG_WARN_ENUM_CONVERSION = YES;
				CLANG_WARN_INFINITE_RECURSION = YES;
				CLANG_WARN_INT_CONVERSION = YES;
				CLANG_WARN_NON_LITERAL_NULL_CONVERSION = YES;
				CLANG_WARN_OBJC_LITERAL_CONVERSION = YES;
				CLANG_WARN_OBJC_ROOT_CLASS = YES_ERROR;
				CLANG_WARN_RANGE_LOOP_ANALYSIS = YES;
				CLANG_WARN_STRICT_PROTOTYPES = YES;
				CLANG_WARN_SUSPICIOUS_MOVE = YES;
				CLANG_WARN_UNGUARDED_AVAILABILITY = YES_AGGRESSIVE;
				CLANG_WARN_UNREACHABLE_CODE = YES;
				CLANG_WARN__DUPLICATE_METHOD_MATCH = YES;
				CODE_SIGN_IDENTITY = "iPhone Developer";
				COPY_PHASE_STRIP = NO;
				DEBUG_INFORMATION_FORMAT = dwarf;
				ENABLE_STRICT_OBJC_MSGSEND = YES;
				ENABLE_TESTABILITY = YES;
				GCC_C_LANGUAGE_STANDARD = gnu11;
				GCC_DYNAMIC_NO_PIC = NO;
				GCC_NO_COMMON_BLOCKS = YES;
				GCC_OPTIMIZATION_LEVEL = 0;
				GCC_PREPROCESSOR_DEFINITIONS = (
					"DEBUG=1",
					"$(inherited)",
				);
				GCC_WARN_64_TO_32_BIT_CONVERSION = YES;
				GCC_WARN_ABOUT_RETURN_TYPE = YES_ERROR;
				GCC_WARN_UNDECLARED_SELECTOR = YES;
				GCC_WARN_UNINITIALIZED_AUTOS = YES_AGGRESSIVE;
				GCC_WARN_UNUSED_FUNCTION = YES;
				GCC_WARN_UNUSED_VARIABLE = YES;
				IPHONEOS_DEPLOYMENT_TARGET = 11.1;
				MTL_ENABLE_DEBUG_INFO = YES;
				ONLY_ACTIVE_ARCH = YES;
				SDKROOT = iphoneos;
				SWIFT_ACTIVE_COMPILATION_CONDITIONS = DEBUG;
				SWIFT_OPTIMIZATION_LEVEL = "-Onone";
				SWIFT_VERSION = 4.0;
			};
			name = Debug;
		};
		0D5C1A711FFF8C16004E7DE2 /* Release */ = {
			isa = XCBuildConfiguration;
			buildSettings = {
				ALWAYS_SEARCH_USER_PATHS = NO;
				CLANG_ANALYZER_NONNULL = YES;
				CLANG_ANALYZER_NUMBER_OBJECT_CONVERSION = YES_AGGRESSIVE;
				CLANG_CXX_LANGUAGE_STANDARD = "gnu++14";
				CLANG_CXX_LIBRARY = "libc++";
				CLANG_ENABLE_MODULES = YES;
				CLANG_ENABLE_OBJC_ARC = YES;
				CLANG_WARN_BLOCK_CAPTURE_AUTORELEASING = YES;
				CLANG_WARN_BOOL_CONVERSION = YES;
				CLANG_WARN_COMMA = YES;
				CLANG_WARN_CONSTANT_CONVERSION = YES;
				CLANG_WARN_DIRECT_OBJC_ISA_USAGE = YES_ERROR;
				CLANG_WARN_DOCUMENTATION_COMMENTS = YES;
				CLANG_WARN_EMPTY_BODY = YES;
				CLANG_WARN_ENUM_CONVERSION = YES;
				CLANG_WARN_INFINITE_RECURSION = YES;
				CLANG_WARN_INT_CONVERSION = YES;
				CLANG_WARN_NON_LITERAL_NULL_CONVERSION = YES;
				CLANG_WARN_OBJC_LITERAL_CONVERSION = YES;
				CLANG_WARN_OBJC_ROOT_CLASS = YES_ERROR;
				CLANG_WARN_RANGE_LOOP_ANALYSIS = YES;
				CLANG_WARN_STRICT_PROTOTYPES = YES;
				CLANG_WARN_SUSPICIOUS_MOVE = YES;
				CLANG_WARN_UNGUARDED_AVAILABILITY = YES_AGGRESSIVE;
				CLANG_WARN_UNREACHABLE_CODE = YES;
				CLANG_WARN__DUPLICATE_METHOD_MATCH = YES;
				CODE_SIGN_IDENTITY = "iPhone Developer";
				COPY_PHASE_STRIP = NO;
				DEBUG_INFORMATION_FORMAT = "dwarf-with-dsym";
				ENABLE_NS_ASSERTIONS = NO;
				ENABLE_STRICT_OBJC_MSGSEND = YES;
				GCC_C_LANGUAGE_STANDARD = gnu11;
				GCC_NO_COMMON_BLOCKS = YES;
				GCC_WARN_64_TO_32_BIT_CONVERSION = YES;
				GCC_WARN_ABOUT_RETURN_TYPE = YES_ERROR;
				GCC_WARN_UNDECLARED_SELECTOR = YES;
				GCC_WARN_UNINITIALIZED_AUTOS = YES_AGGRESSIVE;
				GCC_WARN_UNUSED_FUNCTION = YES;
				GCC_WARN_UNUSED_VARIABLE = YES;
				IPHONEOS_DEPLOYMENT_TARGET = 11.1;
				MTL_ENABLE_DEBUG_INFO = NO;
				SDKROOT = iphoneos;
				SWIFT_OPTIMIZATION_LEVEL = "-Owholemodule";
				SWIFT_VERSION = 4.0;
				VALIDATE_PRODUCT = YES;
			};
			name = Release;
		};
		0D5C1A731FFF8C16004E7DE2 /* Debug */ = {
			isa = XCBuildConfiguration;
			buildSettings = {
				ASSETCATALOG_COMPILER_APPICON_NAME = AppIcon;
				CODE_SIGN_STYLE = Automatic;
				DEVELOPMENT_TEAM = H28X75MLUY;
				INFOPLIST_FILE = "Day 5 - GetMyLocation/Info.plist";
				IPHONEOS_DEPLOYMENT_TARGET = 10.3;
				LD_RUNPATH_SEARCH_PATHS = "$(inherited) @executable_path/Frameworks";
				PRODUCT_BUNDLE_IDENTIFIER = "com.leftrightmind.Day-5---GetMyLocation";
				PRODUCT_NAME = "$(TARGET_NAME)";
				SWIFT_VERSION = 4.0;
				TARGETED_DEVICE_FAMILY = "1,2";
			};
			name = Debug;
		};
		0D5C1A741FFF8C16004E7DE2 /* Release */ = {
			isa = XCBuildConfiguration;
			buildSettings = {
				ASSETCATALOG_COMPILER_APPICON_NAME = AppIcon;
				CODE_SIGN_STYLE = Automatic;
				DEVELOPMENT_TEAM = H28X75MLUY;
				INFOPLIST_FILE = "Day 5 - GetMyLocation/Info.plist";
				IPHONEOS_DEPLOYMENT_TARGET = 10.3;
				LD_RUNPATH_SEARCH_PATHS = "$(inherited) @executable_path/Frameworks";
				PRODUCT_BUNDLE_IDENTIFIER = "com.leftrightmind.Day-5---GetMyLocation";
				PRODUCT_NAME = "$(TARGET_NAME)";
				SWIFT_VERSION = 4.0;
				TARGETED_DEVICE_FAMILY = "1,2";
			};
			name = Release;
		};
		0D5C1A761FFF8C16004E7DE2 /* Debug */ = {
			isa = XCBuildConfiguration;
			buildSettings = {
				ALWAYS_EMBED_SWIFT_STANDARD_LIBRARIES = YES;
				BUNDLE_LOADER = "$(TEST_HOST)";
				CODE_SIGN_STYLE = Automatic;
				DEVELOPMENT_TEAM = H28X75MLUY;
				INFOPLIST_FILE = "Day 5 - GetMyLocationTests/Info.plist";
				LD_RUNPATH_SEARCH_PATHS = "$(inherited) @executable_path/Frameworks @loader_path/Frameworks";
				PRODUCT_BUNDLE_IDENTIFIER = "com.leftrightmind.Day-5---GetMyLocationTests";
				PRODUCT_NAME = "$(TARGET_NAME)";
				SWIFT_VERSION = 4.0;
				TARGETED_DEVICE_FAMILY = "1,2";
				TEST_HOST = "$(BUILT_PRODUCTS_DIR)/Day 5 - GetMyLocation.app/Day 5 - GetMyLocation";
			};
			name = Debug;
		};
		0D5C1A771FFF8C16004E7DE2 /* Release */ = {
			isa = XCBuildConfiguration;
			buildSettings = {
				ALWAYS_EMBED_SWIFT_STANDARD_LIBRARIES = YES;
				BUNDLE_LOADER = "$(TEST_HOST)";
				CODE_SIGN_STYLE = Automatic;
				DEVELOPMENT_TEAM = H28X75MLUY;
				INFOPLIST_FILE = "Day 5 - GetMyLocationTests/Info.plist";
				LD_RUNPATH_SEARCH_PATHS = "$(inherited) @executable_path/Frameworks @loader_path/Frameworks";
				PRODUCT_BUNDLE_IDENTIFIER = "com.leftrightmind.Day-5---GetMyLocationTests";
				PRODUCT_NAME = "$(TARGET_NAME)";
				SWIFT_VERSION = 4.0;
				TARGETED_DEVICE_FAMILY = "1,2";
				TEST_HOST = "$(BUILT_PRODUCTS_DIR)/Day 5 - GetMyLocation.app/Day 5 - GetMyLocation";
			};
			name = Release;
		};
		0D5C1A791FFF8C16004E7DE2 /* Debug */ = {
			isa = XCBuildConfiguration;
			buildSettings = {
				ALWAYS_EMBED_SWIFT_STANDARD_LIBRARIES = YES;
				CODE_SIGN_STYLE = Automatic;
				DEVELOPMENT_TEAM = H28X75MLUY;
				INFOPLIST_FILE = "Day 5 - GetMyLocationUITests/Info.plist";
				LD_RUNPATH_SEARCH_PATHS = "$(inherited) @executable_path/Frameworks @loader_path/Frameworks";
				PRODUCT_BUNDLE_IDENTIFIER = "com.leftrightmind.Day-5---GetMyLocationUITests";
				PRODUCT_NAME = "$(TARGET_NAME)";
				SWIFT_VERSION = 4.0;
				TARGETED_DEVICE_FAMILY = "1,2";
				TEST_TARGET_NAME = "Day 5 - GetMyLocation";
			};
			name = Debug;
		};
		0D5C1A7A1FFF8C16004E7DE2 /* Release */ = {
			isa = XCBuildConfiguration;
			buildSettings = {
				ALWAYS_EMBED_SWIFT_STANDARD_LIBRARIES = YES;
				CODE_SIGN_STYLE = Automatic;
				DEVELOPMENT_TEAM = H28X75MLUY;
				INFOPLIST_FILE = "Day 5 - GetMyLocationUITests/Info.plist";
				LD_RUNPATH_SEARCH_PATHS = "$(inherited) @executable_path/Frameworks @loader_path/Frameworks";
				PRODUCT_BUNDLE_IDENTIFIER = "com.leftrightmind.Day-5---GetMyLocationUITests";
				PRODUCT_NAME = "$(TARGET_NAME)";
				SWIFT_VERSION = 4.0;
				TARGETED_DEVICE_FAMILY = "1,2";
				TEST_TARGET_NAME = "Day 5 - GetMyLocation";
			};
			name = Release;
		};
/* End XCBuildConfiguration section */

/* Begin XCConfigurationList section */
		0D5C1A451FFF8C16004E7DE2 /* Build configuration list for PBXProject "Day 5 - GetMyLocation" */ = {
			isa = XCConfigurationList;
			buildConfigurations = (
				0D5C1A701FFF8C16004E7DE2 /* Debug */,
				0D5C1A711FFF8C16004E7DE2 /* Release */,
			);
			defaultConfigurationIsVisible = 0;
			defaultConfigurationName = Release;
		};
		0D5C1A721FFF8C16004E7DE2 /* Build configuration list for PBXNativeTarget "Day 5 - GetMyLocation" */ = {
			isa = XCConfigurationList;
			buildConfigurations = (
				0D5C1A731FFF8C16004E7DE2 /* Debug */,
				0D5C1A741FFF8C16004E7DE2 /* Release */,
			);
			defaultConfigurationIsVisible = 0;
			defaultConfigurationName = Release;
		};
		0D5C1A751FFF8C16004E7DE2 /* Build configuration list for PBXNativeTarget "Day 5 - GetMyLocationTests" */ = {
			isa = XCConfigurationList;
			buildConfigurations = (
				0D5C1A761FFF8C16004E7DE2 /* Debug */,
				0D5C1A771FFF8C16004E7DE2 /* Release */,
			);
			defaultConfigurationIsVisible = 0;
			defaultConfigurationName = Release;
		};
		0D5C1A781FFF8C16004E7DE2 /* Build configuration list for PBXNativeTarget "Day 5 - GetMyLocationUITests" */ = {
			isa = XCConfigurationList;
			buildConfigurations = (
				0D5C1A791FFF8C16004E7DE2 /* Debug */,
				0D5C1A7A1FFF8C16004E7DE2 /* Release */,
			);
			defaultConfigurationIsVisible = 0;
			defaultConfigurationName = Release;
		};
/* End XCConfigurationList section */
	};
	rootObject = 0D5C1A421FFF8C16004E7DE2 /* Project object */;
}
